{
  "nodes": {
    "nixpkgs": {
      "locked": {
        "lastModified": 1746301764,
        "narHash": "sha256-5odz+NZszRya//Zd0P8h+sIwOnV35qJi+73f4I+iv1M=",
        "rev": "537ee98218704e21ea465251de512ab6bbb9012e",
        "revCount": 717652,
        "type": "tarball",
        "url": "https://api.flakehub.com/f/pinned/NixOS/nixpkgs/0.2411.717652%2Brev-537ee98218704e21ea465251de512ab6bbb9012e/01969d4f-d27d-74b7-adf1-2de75719e86d/source.tar.gz"
      },
      "original": {
        "type": "tarball",
        "url": "https://flakehub.com/f/NixOS/nixpkgs/0"
      }
    },
    "root": {
      "inputs": {
        "nixpkgs": "nixpkgs"
      }
    }
  },
  "root": "root",
  "version": 7
}
