{
  "nodes": {
    "nixpkgs": {
      "locked": {
        "lastModified": 1745921652,
        "narHash": "sha256-hEAvEN+y/OQ7wA7+u3bFJwXSe8yoSf2QaOMH3hyTJTQ=",
        "rev": "b000159bba69b0106a42f65e52dbf27f77aca9d3",
        "revCount": 717534,
        "type": "tarball",
        "url": "https://api.flakehub.com/f/pinned/NixOS/nixpkgs/0.2411.717534%2Brev-b000159bba69b0106a42f65e52dbf27f77aca9d3/01968552-bf61-76a7-bb7e-10b391fe13ca/source.tar.gz"
      },
      "original": {
        "type": "tarball",
        "url": "https://flakehub.com/f/NixOS/nixpkgs/0"
      }
    },
    "root": {
      "inputs": {
        "nixpkgs": "nixpkgs"
      }
    }
  },
  "root": "root",
  "version": 7
}
